
Microsoft Visual Studio Solution File, Format Version 12.00
# Visual Studio 2013
VisualStudioVersion = 12.0.21005.1
MinimumVisualStudioVersion = 10.0.40219.1
Project("{2150E333-8FDC-42A3-9474-1A3956D46DE8}") = "Solution Items", "Solution Items", "{5D2A3A1C-E669-4942-9EF1-6024C6637D17}"
EndProject
Project("{FAE04EC0-301F-11D3-BF4B-00C04F79EFBC}") = "Test.WebApplication", "Test.WebApplication\Test.WebApplication.csproj", "{74393A65-1D3C-414E-9AA2-50EAEA57C0D0}"
EndProject
Project("{FAE04EC0-301F-11D3-BF4B-00C04F79EFBC}") = "DnnSharp.DynamicRotator.Core", "avt.DynamicFlashRotator.Net\DnnSharp.DynamicRotator.Core.csproj", "{2B3E1E9E-512B-4F18-BD29-2737504CA8F1}"
EndProject
Project("{FAE04EC0-301F-11D3-BF4B-00C04F79EFBC}") = "avt.DynamicFlashRotator.WebManage", "avt.DynamicFlashRotator.WebManage\avt.DynamicFlashRotator.WebManage.csproj", "{1E55C374-958F-4C9B-BE61-F207DD90ABA9}"
EndProject
Project("{FAE04EC0-301F-11D3-BF4B-00C04F79EFBC}") = "DnnSharp.DynamicRotator", "avt.DynamicFlashRotator.Dnn\DnnSharp.DynamicRotator.csproj", "{E226216B-4F33-400F-92FA-2899F7FC9BE4}"
EndProject
Project("{2150E333-8FDC-42A3-9474-1A3956D46DE8}") = ".build", ".build", "{48FDD436-B554-4E03-84A4-AA545D9844B7}"
	ProjectSection(SolutionItems) = preProject
		Build.proj = Build.proj
		.build\MSBuild.Community.Tasks.dll = .build\MSBuild.Community.Tasks.dll
		.build\MSBuild.Community.Tasks.targets = .build\MSBuild.Community.Tasks.targets
	EndProjectSection
EndProject
Global
	GlobalSection(SolutionConfigurationPlatforms) = preSolution
		Debug|Any CPU = Debug|Any CPU
		PublishPackage|Any CPU = PublishPackage|Any CPU
		Release|Any CPU = Release|Any CPU
	EndGlobalSection
	GlobalSection(ProjectConfigurationPlatforms) = postSolution
		{74393A65-1D3C-414E-9AA2-50EAEA57C0D0}.Debug|Any CPU.ActiveCfg = Debug|Any CPU
		{74393A65-1D3C-414E-9AA2-50EAEA57C0D0}.Debug|Any CPU.Build.0 = Debug|Any CPU
		{74393A65-1D3C-414E-9AA2-50EAEA57C0D0}.PublishPackage|Any CPU.ActiveCfg = PublishPackage|Any CPU
		{74393A65-1D3C-414E-9AA2-50EAEA57C0D0}.PublishPackage|Any CPU.Build.0 = PublishPackage|Any CPU
		{74393A65-1D3C-414E-9AA2-50EAEA57C0D0}.Release|Any CPU.ActiveCfg = Release|Any CPU
		{74393A65-1D3C-414E-9AA2-50EAEA57C0D0}.Release|Any CPU.Build.0 = Release|Any CPU
		{2B3E1E9E-512B-4F18-BD29-2737504CA8F1}.Debug|Any CPU.ActiveCfg = Debug|Any CPU
		{2B3E1E9E-512B-4F18-BD29-2737504CA8F1}.Debug|Any CPU.Build.0 = Debug|Any CPU
		{2B3E1E9E-512B-4F18-BD29-2737504CA8F1}.PublishPackage|Any CPU.ActiveCfg = PublishPackage|Any CPU
		{2B3E1E9E-512B-4F18-BD29-2737504CA8F1}.PublishPackage|Any CPU.Build.0 = PublishPackage|Any CPU
		{2B3E1E9E-512B-4F18-BD29-2737504CA8F1}.Release|Any CPU.ActiveCfg = Release|Any CPU
		{2B3E1E9E-512B-4F18-BD29-2737504CA8F1}.Release|Any CPU.Build.0 = Release|Any CPU
		{1E55C374-958F-4C9B-BE61-F207DD90ABA9}.Debug|Any CPU.ActiveCfg = Debug|Any CPU
		{1E55C374-958F-4C9B-BE61-F207DD90ABA9}.Debug|Any CPU.Build.0 = Debug|Any CPU
		{1E55C374-958F-4C9B-BE61-F207DD90ABA9}.PublishPackage|Any CPU.ActiveCfg = PublishPackage|Any CPU
		{1E55C374-958F-4C9B-BE61-F207DD90ABA9}.PublishPackage|Any CPU.Build.0 = PublishPackage|Any CPU
		{1E55C374-958F-4C9B-BE61-F207DD90ABA9}.Release|Any CPU.ActiveCfg = Release|Any CPU
		{1E55C374-958F-4C9B-BE61-F207DD90ABA9}.Release|Any CPU.Build.0 = Release|Any CPU
		{E226216B-4F33-400F-92FA-2899F7FC9BE4}.Debug|Any CPU.ActiveCfg = Debug|Any CPU
		{E226216B-4F33-400F-92FA-2899F7FC9BE4}.Debug|Any CPU.Build.0 = Debug|Any CPU
		{E226216B-4F33-400F-92FA-2899F7FC9BE4}.PublishPackage|Any CPU.ActiveCfg = PublishPackage|Any CPU
		{E226216B-4F33-400F-92FA-2899F7FC9BE4}.PublishPackage|Any CPU.Build.0 = PublishPackage|Any CPU
		{E226216B-4F33-400F-92FA-2899F7FC9BE4}.Release|Any CPU.ActiveCfg = Release|Any CPU
		{E226216B-4F33-400F-92FA-2899F7FC9BE4}.Release|Any CPU.Build.0 = Release|Any CPU
	EndGlobalSection
	GlobalSection(SolutionProperties) = preSolution
		HideSolutionNode = FALSE
	EndGlobalSection
EndGlobal
